
Microsoft Visual Studio Solution File, Format Version 12.00
# Visual Studio Version 17
VisualStudioVersion = 17.11.35312.102
MinimumVisualStudioVersion = 10.0.40219.1
Project("{FAE04EC0-301F-11D3-BF4B-00C04F79EFBC}") = "Week1practical", "Week1practical\Week1practical.csproj", "{2A1F349A-BF98-423A-A247-20101D5FB9F5}"
EndProject
Global
	GlobalSection(SolutionConfigurationPlatforms) = preSolution
		Debug|Any CPU = Debug|Any CPU
		Release|Any CPU = Release|Any CPU
	EndGlobalSection
	GlobalSection(ProjectConfigurationPlatforms) = postSolution
		{2A1F349A-BF98-423A-A247-20101D5FB9F5}.Debug|Any CPU.ActiveCfg = Debug|Any CPU
		{2A1F349A-BF98-423A-A247-20101D5FB9F5}.Debug|Any CPU.Build.0 = Debug|Any CPU
		{2A1F349A-BF98-423A-A247-20101D5FB9F5}.Release|Any CPU.ActiveCfg = Release|Any CPU
		{2A1F349A-BF98-423A-A247-20101D5FB9F5}.Release|Any CPU.Build.0 = Release|Any CPU
	EndGlobalSection
	GlobalSection(SolutionProperties) = preSolution
		HideSolutionNode = FALSE
	EndGlobalSection
	GlobalSection(ExtensibilityGlobals) = postSolution
		SolutionGuid = {3646B499-9436-4196-AC8C-A3F25E75C76C}
	EndGlobalSection
EndGlobal
